dependencies:
  espressif/icm42670:
    component_hash: 9c3cc57540f3fcb637fe66944fc0b0fa5c21d1df0be8a7ba3da1e7e2cdcea473
    dependencies:
    - name: idf
      require: private
      version: '>=5.2'
    source:
      registry_url: https://components.espressif.com/
      type: service
    version: 2.0.4
  espressif/led_strip:
    component_hash: f0d1b7f93eb3ee57bcfd220656176b0b5616e1947f89ed44364555cf910c4840
    dependencies:
    - name: idf
      require: private
      version: '>=5.0'
    source:
      registry_url: https://components.espressif.com/
      type: service
    version: 3.0.2
  idf:
    source:
      type: idf
    version: 5.5.1
direct_dependencies:
- espressif/icm42670
- espressif/led_strip
- idf
manifest_hash: a5b0a0470cb19ae0c6cc75b4bab28581021cf426e3521ae9eedaf6b49edbfdd1
target: esp32
version: 2.0.0
